PODS:
  - Alamofire (4.9.0)
  - AlamofireImage (3.6.0):
    - Alamofire (~> 4.9)

DEPENDENCIES:
  - AlamofireImage

SPEC REPOS:
  trunk:
    - Alamofire
    - AlamofireImage

SPEC CHECKSUMS:
  Alamofire: afc3e7c6db61476cb45cdd23fed06bad03bbc321
  AlamofireImage: be9963c6582d68b39e89191f64c82a7d7bf40fdd

PODFILE CHECKSUM: 60145facfca656e0176525ad3c981a03ca9cc616

COCOAPODS: 1.9.3
